
Microsoft Visual Studio Solution File, Format Version 11.00
# Visual Studio 2010
Project("{8BC9CEB8-8B4A-11D0-8D11-00A0C91BC942}") = "console", "console\console.vcxproj", "{AB273546-D296-4B72-AB65-836334E2FA88}"
EndProject
Project("{8BC9CEB8-8B4A-11D0-8D11-00A0C91BC942}") = "mylib", "mylib\mylib.vcxproj", "{98B54726-3B2E-432E-8872-7AFD4A1FCF50}"
EndProject
Project("{8BC9CEB8-8B4A-11D0-8D11-00A0C91BC942}") = "mydll", "mydll\mydll.vcxproj", "{5714A897-2CDB-49AB-AED7-8B428BA5A09D}"
EndProject
Project("{8BC9CEB8-8B4A-11D0-8D11-00A0C91BC942}") = "tt", "tt\tt.vcxproj", "{7A4F9171-AF36-43BA-A1A1-7882D90C72F6}"
EndProject
Global
	GlobalSection(SolutionConfigurationPlatforms) = preSolution
		Debug|Win32 = Debug|Win32
		Release|Win32 = Release|Win32
	EndGlobalSection
	GlobalSection(ProjectConfigurationPlatforms) = postSolution
		{AB273546-D296-4B72-AB65-836334E2FA88}.Debug|Win32.ActiveCfg = Debug|Win32
		{AB273546-D296-4B72-AB65-836334E2FA88}.Debug|Win32.Build.0 = Debug|Win32
		{AB273546-D296-4B72-AB65-836334E2FA88}.Release|Win32.ActiveCfg = Release|Win32
		{AB273546-D296-4B72-AB65-836334E2FA88}.Release|Win32.Build.0 = Release|Win32
		{98B54726-3B2E-432E-8872-7AFD4A1FCF50}.Debug|Win32.ActiveCfg = Debug|Win32
		{98B54726-3B2E-432E-8872-7AFD4A1FCF50}.Debug|Win32.Build.0 = Debug|Win32
		{98B54726-3B2E-432E-8872-7AFD4A1FCF50}.Release|Win32.ActiveCfg = Release|Win32
		{98B54726-3B2E-432E-8872-7AFD4A1FCF50}.Release|Win32.Build.0 = Release|Win32
		{5714A897-2CDB-49AB-AED7-8B428BA5A09D}.Debug|Win32.ActiveCfg = Debug|Win32
		{5714A897-2CDB-49AB-AED7-8B428BA5A09D}.Debug|Win32.Build.0 = Debug|Win32
		{5714A897-2CDB-49AB-AED7-8B428BA5A09D}.Release|Win32.ActiveCfg = Release|Win32
		{5714A897-2CDB-49AB-AED7-8B428BA5A09D}.Release|Win32.Build.0 = Release|Win32
		{7A4F9171-AF36-43BA-A1A1-7882D90C72F6}.Debug|Win32.ActiveCfg = Debug|Win32
		{7A4F9171-AF36-43BA-A1A1-7882D90C72F6}.Debug|Win32.Build.0 = Debug|Win32
		{7A4F9171-AF36-43BA-A1A1-7882D90C72F6}.Release|Win32.ActiveCfg = Release|Win32
		{7A4F9171-AF36-43BA-A1A1-7882D90C72F6}.Release|Win32.Build.0 = Release|Win32
	EndGlobalSection
	GlobalSection(SolutionProperties) = preSolution
		HideSolutionNode = FALSE
	EndGlobalSection
EndGlobal
