
Microsoft Visual Studio Solution File, Format Version 12.00
# Visual Studio 2012
Project("{8BC9CEB8-8B4A-11D0-8D11-00A0C91BC942}") = "2dArray", "array\2dArray\2dArray.vcxproj", "{F5C8AC5A-ED14-43B4-9B2A-18784E673B13}"
EndProject
Project("{8BC9CEB8-8B4A-11D0-8D11-00A0C91BC942}") = "InvalidPointer", "InvalidPointer\InvalidPointer.vcxproj", "{203F8225-47C8-4063-AD07-427B59C89BAF}"
EndProject
Project("{8BC9CEB8-8B4A-11D0-8D11-00A0C91BC942}") = "overload", "overload\overload.vcxproj", "{2FE62650-F7A4-4685-89ED-CAE04198B952}"
EndProject
Project("{8BC9CEB8-8B4A-11D0-8D11-00A0C91BC942}") = "signature", "signature\signature.vcxproj", "{D2A55EC1-3B4B-435D-82F6-9064DCC10B74}"
EndProject
Project("{8BC9CEB8-8B4A-11D0-8D11-00A0C91BC942}") = "String", "String\String.vcxproj", "{CBCD9592-139F-4F61-A00D-C81B01276390}"
EndProject
Project("{8BC9CEB8-8B4A-11D0-8D11-00A0C91BC942}") = "typeConvert", "typeConvert\typeConvert.vcxproj", "{7117A139-2650-4F1E-83AF-D63220EDDCF9}"
EndProject
Project("{8BC9CEB8-8B4A-11D0-8D11-00A0C91BC942}") = "mem", "mem\mem.vcxproj", "{F47F8A3D-6259-4A50-B657-33D1B7958A8A}"
EndProject
Project("{8BC9CEB8-8B4A-11D0-8D11-00A0C91BC942}") = "BasicDynamicArray_function", "BasicDynamicArray_function\BasicDynamicArray_function.vcxproj", "{749C2A48-D773-4923-A8DB-2EFBD22FEFE8}"
EndProject
Project("{8BC9CEB8-8B4A-11D0-8D11-00A0C91BC942}") = "list", "list\list.vcxproj", "{46A44F11-5E5E-4B9E-837B-F125AF57AC5E}"
EndProject
Project("{8BC9CEB8-8B4A-11D0-8D11-00A0C91BC942}") = "functionTest", "functionTest\functionTest.vcxproj", "{41CE62A4-F09F-48C2-A95C-33E3B1F9226C}"
EndProject
Global
	GlobalSection(SolutionConfigurationPlatforms) = preSolution
		Debug|Win32 = Debug|Win32
		Release|Win32 = Release|Win32
	EndGlobalSection
	GlobalSection(ProjectConfigurationPlatforms) = postSolution
		{F5C8AC5A-ED14-43B4-9B2A-18784E673B13}.Debug|Win32.ActiveCfg = Debug|Win32
		{F5C8AC5A-ED14-43B4-9B2A-18784E673B13}.Debug|Win32.Build.0 = Debug|Win32
		{F5C8AC5A-ED14-43B4-9B2A-18784E673B13}.Release|Win32.ActiveCfg = Release|Win32
		{F5C8AC5A-ED14-43B4-9B2A-18784E673B13}.Release|Win32.Build.0 = Release|Win32
		{203F8225-47C8-4063-AD07-427B59C89BAF}.Debug|Win32.ActiveCfg = Debug|Win32
		{203F8225-47C8-4063-AD07-427B59C89BAF}.Debug|Win32.Build.0 = Debug|Win32
		{203F8225-47C8-4063-AD07-427B59C89BAF}.Release|Win32.ActiveCfg = Release|Win32
		{203F8225-47C8-4063-AD07-427B59C89BAF}.Release|Win32.Build.0 = Release|Win32
		{2FE62650-F7A4-4685-89ED-CAE04198B952}.Debug|Win32.ActiveCfg = Debug|Win32
		{2FE62650-F7A4-4685-89ED-CAE04198B952}.Debug|Win32.Build.0 = Debug|Win32
		{2FE62650-F7A4-4685-89ED-CAE04198B952}.Release|Win32.ActiveCfg = Release|Win32
		{2FE62650-F7A4-4685-89ED-CAE04198B952}.Release|Win32.Build.0 = Release|Win32
		{D2A55EC1-3B4B-435D-82F6-9064DCC10B74}.Debug|Win32.ActiveCfg = Debug|Win32
		{D2A55EC1-3B4B-435D-82F6-9064DCC10B74}.Debug|Win32.Build.0 = Debug|Win32
		{D2A55EC1-3B4B-435D-82F6-9064DCC10B74}.Release|Win32.ActiveCfg = Release|Win32
		{D2A55EC1-3B4B-435D-82F6-9064DCC10B74}.Release|Win32.Build.0 = Release|Win32
		{CBCD9592-139F-4F61-A00D-C81B01276390}.Debug|Win32.ActiveCfg = Debug|Win32
		{CBCD9592-139F-4F61-A00D-C81B01276390}.Debug|Win32.Build.0 = Debug|Win32
		{CBCD9592-139F-4F61-A00D-C81B01276390}.Release|Win32.ActiveCfg = Release|Win32
		{CBCD9592-139F-4F61-A00D-C81B01276390}.Release|Win32.Build.0 = Release|Win32
		{7117A139-2650-4F1E-83AF-D63220EDDCF9}.Debug|Win32.ActiveCfg = Debug|Win32
		{7117A139-2650-4F1E-83AF-D63220EDDCF9}.Debug|Win32.Build.0 = Debug|Win32
		{7117A139-2650-4F1E-83AF-D63220EDDCF9}.Release|Win32.ActiveCfg = Release|Win32
		{7117A139-2650-4F1E-83AF-D63220EDDCF9}.Release|Win32.Build.0 = Release|Win32
		{F47F8A3D-6259-4A50-B657-33D1B7958A8A}.Debug|Win32.ActiveCfg = Debug|Win32
		{F47F8A3D-6259-4A50-B657-33D1B7958A8A}.Debug|Win32.Build.0 = Debug|Win32
		{F47F8A3D-6259-4A50-B657-33D1B7958A8A}.Release|Win32.ActiveCfg = Release|Win32
		{F47F8A3D-6259-4A50-B657-33D1B7958A8A}.Release|Win32.Build.0 = Release|Win32
		{749C2A48-D773-4923-A8DB-2EFBD22FEFE8}.Debug|Win32.ActiveCfg = Debug|Win32
		{749C2A48-D773-4923-A8DB-2EFBD22FEFE8}.Debug|Win32.Build.0 = Debug|Win32
		{749C2A48-D773-4923-A8DB-2EFBD22FEFE8}.Release|Win32.ActiveCfg = Release|Win32
		{749C2A48-D773-4923-A8DB-2EFBD22FEFE8}.Release|Win32.Build.0 = Release|Win32
		{46A44F11-5E5E-4B9E-837B-F125AF57AC5E}.Debug|Win32.ActiveCfg = Debug|Win32
		{46A44F11-5E5E-4B9E-837B-F125AF57AC5E}.Debug|Win32.Build.0 = Debug|Win32
		{46A44F11-5E5E-4B9E-837B-F125AF57AC5E}.Release|Win32.ActiveCfg = Release|Win32
		{46A44F11-5E5E-4B9E-837B-F125AF57AC5E}.Release|Win32.Build.0 = Release|Win32
		{41CE62A4-F09F-48C2-A95C-33E3B1F9226C}.Debug|Win32.ActiveCfg = Debug|Win32
		{41CE62A4-F09F-48C2-A95C-33E3B1F9226C}.Debug|Win32.Build.0 = Debug|Win32
		{41CE62A4-F09F-48C2-A95C-33E3B1F9226C}.Release|Win32.ActiveCfg = Release|Win32
		{41CE62A4-F09F-48C2-A95C-33E3B1F9226C}.Release|Win32.Build.0 = Release|Win32
	EndGlobalSection
	GlobalSection(SolutionProperties) = preSolution
		HideSolutionNode = FALSE
	EndGlobalSection
EndGlobal
