
Microsoft Visual Studio Solution File, Format Version 11.00
# Visual Studio 2010
Project("{8BC9CEB8-8B4A-11D0-8D11-00A0C91BC942}") = "DenseMatVecManipulation", "DenseMatVecManipulation\DenseMatVecManipulation.vcxproj", "{73681BA0-6BD4-40EC-A6DA-90E8185B85C2}"
EndProject
Global
	GlobalSection(SolutionConfigurationPlatforms) = preSolution
		Debug|Win32 = Debug|Win32
		Release|Win32 = Release|Win32
	EndGlobalSection
	GlobalSection(ProjectConfigurationPlatforms) = postSolution
		{73681BA0-6BD4-40EC-A6DA-90E8185B85C2}.Debug|Win32.ActiveCfg = Debug|Win32
		{73681BA0-6BD4-40EC-A6DA-90E8185B85C2}.Debug|Win32.Build.0 = Debug|Win32
		{73681BA0-6BD4-40EC-A6DA-90E8185B85C2}.Release|Win32.ActiveCfg = Release|Win32
		{73681BA0-6BD4-40EC-A6DA-90E8185B85C2}.Release|Win32.Build.0 = Release|Win32
	EndGlobalSection
	GlobalSection(SolutionProperties) = preSolution
		HideSolutionNode = FALSE
	EndGlobalSection
EndGlobal
