
Microsoft Visual Studio Solution File, Format Version 9.00
# Visual Studio 2005
Project("{8BC9CEB8-8B4A-11D0-8D11-00A0C91BC942}") = "taucs_cgal", "taucs_cgal\taucs_cgal.vcproj", "{212BE858-D8B5-404A-A8B7-04A7CCAC218F}"
	GlobalSection(Qt) = preSolution
		Integration = True
	EndGlobalSection
EndProject
Project("{8BC9CEB8-8B4A-11D0-8D11-00A0C91BC942}") = "taucs_dgal", "taucs_dgal\taucs_dgal.vcproj", "{D44A04CF-20CA-403A-B4FD-9E7230AB92FC}"
	GlobalSection(Qt) = preSolution
		Integration = True
	EndGlobalSection
EndProject
Project("{8BC9CEB8-8B4A-11D0-8D11-00A0C91BC942}") = "qtTaucs", "qtTaucs\qtTaucs.vcproj", "{F211B257-3217-4771-B07D-BA701E1320C7}"
	GlobalSection(Qt) = preSolution
		Integration = True
	EndGlobalSection
EndProject
Global
	GlobalSection(Qt) = preSolution
		Integration = True
	EndGlobalSection
	GlobalSection(SolutionConfigurationPlatforms) = preSolution
		Debug|Win32 = Debug|Win32
		Release|Win32 = Release|Win32
	EndGlobalSection
	GlobalSection(ProjectConfigurationPlatforms) = postSolution
		{212BE858-D8B5-404A-A8B7-04A7CCAC218F}.Debug|Win32.ActiveCfg = Debug|Win32
		{212BE858-D8B5-404A-A8B7-04A7CCAC218F}.Debug|Win32.Build.0 = Debug|Win32
		{212BE858-D8B5-404A-A8B7-04A7CCAC218F}.Release|Win32.ActiveCfg = Release|Win32
		{212BE858-D8B5-404A-A8B7-04A7CCAC218F}.Release|Win32.Build.0 = Release|Win32
		{D44A04CF-20CA-403A-B4FD-9E7230AB92FC}.Debug|Win32.ActiveCfg = Debug|Win32
		{D44A04CF-20CA-403A-B4FD-9E7230AB92FC}.Debug|Win32.Build.0 = Debug|Win32
		{D44A04CF-20CA-403A-B4FD-9E7230AB92FC}.Release|Win32.ActiveCfg = Release|Win32
		{D44A04CF-20CA-403A-B4FD-9E7230AB92FC}.Release|Win32.Build.0 = Release|Win32
		{F211B257-3217-4771-B07D-BA701E1320C7}.Debug|Win32.ActiveCfg = Debug|Win32
		{F211B257-3217-4771-B07D-BA701E1320C7}.Debug|Win32.Build.0 = Debug|Win32
		{F211B257-3217-4771-B07D-BA701E1320C7}.Release|Win32.ActiveCfg = Release|Win32
		{F211B257-3217-4771-B07D-BA701E1320C7}.Release|Win32.Build.0 = Release|Win32
	EndGlobalSection
	GlobalSection(SolutionProperties) = preSolution
		HideSolutionNode = FALSE
	EndGlobalSection
EndGlobal
