
Microsoft Visual Studio Solution File, Format Version 11.00
# Visual Studio 2010
Project("{8BC9CEB8-8B4A-11D0-8D11-00A0C91BC942}") = "polyhedron", "polyhedron\polyhedron.vcxproj", "{AB970D40-324D-465F-BF82-A56DF9825CFF}"
EndProject
Project("{8BC9CEB8-8B4A-11D0-8D11-00A0C91BC942}") = "3dKernel", "3dKernel\3dKernel.vcxproj", "{6A2F160E-0943-49B7-80E6-F1D4379D1F80}"
EndProject
Global
	GlobalSection(SolutionConfigurationPlatforms) = preSolution
		Debug|Win32 = Debug|Win32
		Release|Win32 = Release|Win32
	EndGlobalSection
	GlobalSection(ProjectConfigurationPlatforms) = postSolution
		{AB970D40-324D-465F-BF82-A56DF9825CFF}.Debug|Win32.ActiveCfg = Debug|Win32
		{AB970D40-324D-465F-BF82-A56DF9825CFF}.Debug|Win32.Build.0 = Debug|Win32
		{AB970D40-324D-465F-BF82-A56DF9825CFF}.Release|Win32.ActiveCfg = Release|Win32
		{AB970D40-324D-465F-BF82-A56DF9825CFF}.Release|Win32.Build.0 = Release|Win32
		{6A2F160E-0943-49B7-80E6-F1D4379D1F80}.Debug|Win32.ActiveCfg = Debug|Win32
		{6A2F160E-0943-49B7-80E6-F1D4379D1F80}.Debug|Win32.Build.0 = Debug|Win32
		{6A2F160E-0943-49B7-80E6-F1D4379D1F80}.Release|Win32.ActiveCfg = Release|Win32
		{6A2F160E-0943-49B7-80E6-F1D4379D1F80}.Release|Win32.Build.0 = Release|Win32
	EndGlobalSection
	GlobalSection(SolutionProperties) = preSolution
		HideSolutionNode = FALSE
	EndGlobalSection
EndGlobal
